
Microsoft Visual Studio Solution File, Format Version 12.00
# Visual Studio Version 16
VisualStudioVersion = 16.0.29503.13
MinimumVisualStudioVersion = 10.0.40219.1
Project("{FAE04EC0-301F-11D3-BF4B-00C04F79EFBC}") = "ContosoUniversity", "ContosoUniversity.csproj", "{66170002-F8BD-4E87-AE7D-C11E585AF5D6}"
EndProject
Global
	GlobalSection(SolutionConfigurationPlatforms) = preSolution
		Debug|Any CPU = Debug|Any CPU
		Release|Any CPU = Release|Any CPU
	EndGlobalSection
	GlobalSection(ProjectConfigurationPlatforms) = postSolution
		{66170002-F8BD-4E87-AE7D-C11E585AF5D6}.Debug|Any CPU.ActiveCfg = Debug|Any CPU
		{66170002-F8BD-4E87-AE7D-C11E585AF5D6}.Debug|Any CPU.Build.0 = Debug|Any CPU
		{66170002-F8BD-4E87-AE7D-C11E585AF5D6}.Release|Any CPU.ActiveCfg = Release|Any CPU
		{66170002-F8BD-4E87-AE7D-C11E585AF5D6}.Release|Any CPU.Build.0 = Release|Any CPU
	EndGlobalSection
	GlobalSection(SolutionProperties) = preSolution
		HideSolutionNode = FALSE
	EndGlobalSection
	GlobalSection(ExtensibilityGlobals) = postSolution
		SolutionGuid = {24D64A74-C9C8-4A94-98A9-56A3558AFF16}
	EndGlobalSection
EndGlobal
